PODS:
  - Bolts (1.1.3)
  - MMDrawerController (0.5.3):
    - MMDrawerController/Core
    - MMDrawerController/MMDrawerBarButtonItem
    - MMDrawerController/MMDrawerVisualStates
    - MMDrawerController/Subclass
  - MMDrawerController/Core (0.5.3)
  - MMDrawerController/MMDrawerBarButtonItem (0.5.3):
    - MMDrawerController/Core
  - MMDrawerController/MMDrawerVisualStates (0.5.3):
    - MMDrawerController/Core
  - MMDrawerController/Subclass (0.5.3):
    - MMDrawerController/Core
  - Parse (1.4.2):
    - Bolts (~> 1.1.3)

DEPENDENCIES:
  - MMDrawerController (~> 0.5.3)
  - Parse (~> 1.4)

SPEC CHECKSUMS:
  Bolts: 3db0a875235e0c9042b013af13af0f00f79b102c
  MMDrawerController: 02a2da0d9dd522cffde4413ebc4bbbf1d20576f7
  Parse: fc9ceb6edbc6bb6a1a1f3c33f0db3293a6894f94

COCOAPODS: 0.34.4
